{
    "version": 3,
    "terraform_version": "0.11.5",
    "serial": 2,
    "lineage": "0add3e53-dc9e-29b7-fe2d-f3fe04a12f6e",
    "modules": [
        {
            "path": [
                "root"
            ],
            "outputs": {},
            "resources": {
                "azurerm_network_security_rule.network_security_rule": {
                    "type": "azurerm_network_security_rule",
                    "depends_on": [
                        "module.network_security_group",
                        "module.resource_group"
                    ],
                    "primary": {
                        "id": "/subscriptions/b4b8d5dc-65ab-474e-9f82-6346f854a39f/resourceGroups/resource_group-akqiuco3/providers/Microsoft.Network/networkSecurityGroups/network_security_group-akqiuco3/securityRules/ExampleRule",
                        "attributes": {
                            "access": "Allow",
                            "description": "An example network security rule.",
                            "destination_address_prefix": "10.0.3.0/24",
                            "destination_address_prefixes.#": "0",
                            "destination_port_range": "3306",
                            "destination_port_ranges.#": "0",
                            "direction": "Outbound",
                            "id": "/subscriptions/b4b8d5dc-65ab-474e-9f82-6346f854a39f/resourceGroups/resource_group-akqiuco3/providers/Microsoft.Network/networkSecurityGroups/network_security_group-akqiuco3/securityRules/ExampleRule",
                            "name": "ExampleRule",
                            "network_security_group_name": "network_security_group-akqiuco3",
                            "priority": "300",
                            "protocol": "Tcp",
                            "resource_group_name": "resource_group-akqiuco3",
                            "source_address_prefix": "10.0.2.0/24",
                            "source_address_prefixes.#": "0",
                            "source_port_range": "*",
                            "source_port_ranges.#": "0"
                        },
                        "meta": {},
                        "tainted": false
                    },
                    "deposed": [],
                    "provider": "provider.azurerm"
                }
            },
            "depends_on": []
        },
        {
            "path": [
                "root",
                "network_security_group"
            ],
            "outputs": {
                "event_hub_namespace_id": {
                    "sensitive": false,
                    "type": "string",
                    "value": "/subscriptions/291875c5-95ae-4c48-a60b-2f3b0fcf0174/resourceGroups/LoggingEventHub-centralus/providers/Microsoft.EventHub/namespaces/centralus-291875c5"
                },
                "id": {
                    "sensitive": false,
                    "type": "string",
                    "value": "/subscriptions/b4b8d5dc-65ab-474e-9f82-6346f854a39f/resourceGroups/resource_group-akqiuco3/providers/Microsoft.Network/networkSecurityGroups/network_security_group-akqiuco3"
                },
                "name": {
                    "sensitive": false,
                    "type": "string",
                    "value": "network_security_group-akqiuco3"
                }
            },
            "resources": {
                "azurerm_network_security_group.network_security_group": {
                    "type": "azurerm_network_security_group",
                    "depends_on": [
                        "local.version_tag",
                        "module.namespace"
                    ],
                    "primary": {
                        "id": "/subscriptions/b4b8d5dc-65ab-474e-9f82-6346f854a39f/resourceGroups/resource_group-akqiuco3/providers/Microsoft.Network/networkSecurityGroups/network_security_group-akqiuco3",
                        "attributes": {
                            "id": "/subscriptions/b4b8d5dc-65ab-474e-9f82-6346f854a39f/resourceGroups/resource_group-akqiuco3/providers/Microsoft.Network/networkSecurityGroups/network_security_group-akqiuco3",
                            "location": "centralus",
                            "name": "network_security_group-akqiuco3",
                            "resource_group_name": "resource_group-akqiuco3",
                            "security_rule.#": "0",
                            "tags.%": "2",
                            "tags.EnvironmentType": "NonProd",
                            "tags.cc-eac_azure_virtual_network": "v2.0.0"
                        },
                        "meta": {},
                        "tainted": false
                    },
                    "deposed": [],
                    "provider": "provider.azurerm"
                },
                "azurerm_network_security_rule.allow_inbound_azure_load_balancer": {
                    "type": "azurerm_network_security_rule",
                    "depends_on": [
                        "azurerm_network_security_group.network_security_group"
                    ],
                    "primary": {
                        "id": "/subscriptions/b4b8d5dc-65ab-474e-9f82-6346f854a39f/resourceGroups/resource_group-akqiuco3/providers/Microsoft.Network/networkSecurityGroups/network_security_group-akqiuco3/securityRules/AllowInboundAzureLoadBalancer",
                        "attributes": {
                            "access": "Allow",
                            "description": "Allow inbound access from Azure Load Balancer.",
                            "destination_address_prefix": "*",
                            "destination_address_prefixes.#": "0",
                            "destination_port_range": "*",
                            "destination_port_ranges.#": "0",
                            "direction": "Inbound",
                            "id": "/subscriptions/b4b8d5dc-65ab-474e-9f82-6346f854a39f/resourceGroups/resource_group-akqiuco3/providers/Microsoft.Network/networkSecurityGroups/network_security_group-akqiuco3/securityRules/AllowInboundAzureLoadBalancer",
                            "name": "AllowInboundAzureLoadBalancer",
                            "network_security_group_name": "network_security_group-akqiuco3",
                            "priority": "1000",
                            "protocol": "*",
                            "resource_group_name": "resource_group-akqiuco3",
                            "source_address_prefix": "AzureLoadBalancer",
                            "source_address_prefixes.#": "0",
                            "source_port_range": "*",
                            "source_port_ranges.#": "0"
                        },
                        "meta": {},
                        "tainted": false
                    },
                    "deposed": [],
                    "provider": "provider.azurerm"
                },
                "azurerm_network_security_rule.deny_all_inbound": {
                    "type": "azurerm_network_security_rule",
                    "depends_on": [
                        "azurerm_network_security_group.network_security_group"
                    ],
                    "primary": {
                        "id": "/subscriptions/b4b8d5dc-65ab-474e-9f82-6346f854a39f/resourceGroups/resource_group-akqiuco3/providers/Microsoft.Network/networkSecurityGroups/network_security_group-akqiuco3/securityRules/DenyAllInboundTraffic",
                        "attributes": {
                            "access": "Deny",
                            "description": "Denies all inbound traffic.",
                            "destination_address_prefix": "*",
                            "destination_address_prefixes.#": "0",
                            "destination_port_range": "*",
                            "destination_port_ranges.#": "0",
                            "direction": "Inbound",
                            "id": "/subscriptions/b4b8d5dc-65ab-474e-9f82-6346f854a39f/resourceGroups/resource_group-akqiuco3/providers/Microsoft.Network/networkSecurityGroups/network_security_group-akqiuco3/securityRules/DenyAllInboundTraffic",
                            "name": "DenyAllInboundTraffic",
                            "network_security_group_name": "network_security_group-akqiuco3",
                            "priority": "4095",
                            "protocol": "*",
                            "resource_group_name": "resource_group-akqiuco3",
                            "source_address_prefix": "*",
                            "source_address_prefixes.#": "0",
                            "source_port_range": "*",
                            "source_port_ranges.#": "0"
                        },
                        "meta": {},
                        "tainted": false
                    },
                    "deposed": [],
                    "provider": "provider.azurerm"
                },
                "azurerm_network_security_rule.deny_all_outbound": {
                    "type": "azurerm_network_security_rule",
                    "depends_on": [
                        "azurerm_network_security_group.network_security_group"
                    ],
                    "primary": {
                        "id": "/subscriptions/b4b8d5dc-65ab-474e-9f82-6346f854a39f/resourceGroups/resource_group-akqiuco3/providers/Microsoft.Network/networkSecurityGroups/network_security_group-akqiuco3/securityRules/DenyAllOutboundTraffic",
                        "attributes": {
                            "access": "Deny",
                            "description": "Denies all outbound traffic.",
                            "destination_address_prefix": "*",
                            "destination_address_prefixes.#": "0",
                            "destination_port_range": "*",
                            "destination_port_ranges.#": "0",
                            "direction": "Outbound",
                            "id": "/subscriptions/b4b8d5dc-65ab-474e-9f82-6346f854a39f/resourceGroups/resource_group-akqiuco3/providers/Microsoft.Network/networkSecurityGroups/network_security_group-akqiuco3/securityRules/DenyAllOutboundTraffic",
                            "name": "DenyAllOutboundTraffic",
                            "network_security_group_name": "network_security_group-akqiuco3",
                            "priority": "4096",
                            "protocol": "*",
                            "resource_group_name": "resource_group-akqiuco3",
                            "source_address_prefix": "*",
                            "source_address_prefixes.#": "0",
                            "source_port_range": "*",
                            "source_port_ranges.#": "0"
                        },
                        "meta": {},
                        "tainted": false
                    },
                    "deposed": [],
                    "provider": "provider.azurerm"
                }
            },
            "depends_on": []
        },
        {
            "path": [
                "root",
                "random_name"
            ],
            "outputs": {
                "name": {
                    "sensitive": false,
                    "type": "string",
                    "value": "akqiuco3"
                }
            },
            "resources": {
                "random_string.first_char": {
                    "type": "random_string",
                    "depends_on": [],
                    "primary": {
                        "id": "none",
                        "attributes": {
                            "id": "none",
                            "length": "1",
                            "lower": "true",
                            "min_lower": "0",
                            "min_numeric": "0",
                            "min_special": "0",
                            "min_upper": "0",
                            "number": "false",
                            "result": "a",
                            "special": "false",
                            "upper": "false"
                        },
                        "meta": {
                            "schema_version": "1"
                        },
                        "tainted": false
                    },
                    "deposed": [],
                    "provider": "provider.random"
                },
                "random_string.rest_of_string": {
                    "type": "random_string",
                    "depends_on": [
                        "local.rand_length"
                    ],
                    "primary": {
                        "id": "none",
                        "attributes": {
                            "id": "none",
                            "length": "7",
                            "lower": "true",
                            "min_lower": "0",
                            "min_numeric": "0",
                            "min_special": "0",
                            "min_upper": "0",
                            "number": "true",
                            "result": "kqiuco3",
                            "special": "false",
                            "upper": "false"
                        },
                        "meta": {
                            "schema_version": "1"
                        },
                        "tainted": false
                    },
                    "deposed": [],
                    "provider": "provider.random"
                }
            },
            "depends_on": []
        },
        {
            "path": [
                "root",
                "resource_group"
            ],
            "outputs": {
                "id": {
                    "sensitive": false,
                    "type": "string",
                    "value": "/subscriptions/b4b8d5dc-65ab-474e-9f82-6346f854a39f/resourceGroups/resource_group-akqiuco3"
                },
                "name": {
                    "sensitive": false,
                    "type": "string",
                    "value": "resource_group-akqiuco3"
                }
            },
            "resources": {
                "azurerm_resource_group.resource_group": {
                    "type": "azurerm_resource_group",
                    "depends_on": [
                        "local.version_tag",
                        "module.namespace"
                    ],
                    "primary": {
                        "id": "/subscriptions/b4b8d5dc-65ab-474e-9f82-6346f854a39f/resourceGroups/resource_group-akqiuco3",
                        "attributes": {
                            "id": "/subscriptions/b4b8d5dc-65ab-474e-9f82-6346f854a39f/resourceGroups/resource_group-akqiuco3",
                            "location": "centralus",
                            "name": "resource_group-akqiuco3",
                            "tags.%": "1",
                            "tags.cc-eac_azure_resource_group": "v2.0.0"
                        },
                        "meta": {},
                        "tainted": false
                    },
                    "deposed": [],
                    "provider": "provider.azurerm"
                }
            },
            "depends_on": []
        },
        {
            "path": [
                "root",
                "network_security_group",
                "namespace"
            ],
            "outputs": {
                "name": {
                    "sensitive": false,
                    "type": "string",
                    "value": "network_security_group-akqiuco3"
                }
            },
            "resources": {
                "null_resource.namespace": {
                    "type": "null_resource",
                    "depends_on": [],
                    "primary": {
                        "id": "8771942613573347926",
                        "attributes": {
                            "id": "8771942613573347926",
                            "triggers.%": "3",
                            "triggers.format": "%s-%s",
                            "triggers.name": "network_security_group",
                            "triggers.namespace": "akqiuco3"
                        },
                        "meta": {},
                        "tainted": false
                    },
                    "deposed": [],
                    "provider": "provider.null"
                },
                "random_string.random_string": {
                    "type": "random_string",
                    "depends_on": [],
                    "primary": {
                        "id": "none",
                        "attributes": {
                            "id": "none",
                            "length": "12",
                            "lower": "true",
                            "min_lower": "0",
                            "min_numeric": "0",
                            "min_special": "0",
                            "min_upper": "0",
                            "number": "true",
                            "result": "sba610zd8et7",
                            "special": "false",
                            "upper": "false"
                        },
                        "meta": {
                            "schema_version": "1"
                        },
                        "tainted": false
                    },
                    "deposed": [],
                    "provider": "provider.random"
                }
            },
            "depends_on": []
        },
        {
            "path": [
                "root",
                "network_security_group",
                "nsg_diagnostic_log"
            ],
            "outputs": {
                "event_hub_namespace_id": {
                    "sensitive": false,
                    "type": "string",
                    "value": "/subscriptions/291875c5-95ae-4c48-a60b-2f3b0fcf0174/resourceGroups/LoggingEventHub-centralus/providers/Microsoft.EventHub/namespaces/centralus-291875c5"
                },
                "event_hub_rule": {
                    "sensitive": false,
                    "type": "string",
                    "value": "/subscriptions/291875c5-95ae-4c48-a60b-2f3b0fcf0174/resourceGroups/LoggingEventHub-centralus/providers/Microsoft.EventHub/namespaces/centralus-291875c5/authorizationrules/RootManageSharedAccessKey"
                }
            },
            "resources": {
                "null_resource.diagnostic_log": {
                    "type": "null_resource",
                    "depends_on": [
                        "local.event_hub_namespace_id",
                        "local.event_hub_rule"
                    ],
                    "primary": {
                        "id": "5760911916961172759",
                        "attributes": {
                            "id": "5760911916961172759",
                            "triggers.%": "5",
                            "triggers.diagnostic_log_name": "default_diagnostic_logs",
                            "triggers.event_hub_namespace_id": "/subscriptions/291875c5-95ae-4c48-a60b-2f3b0fcf0174/resourceGroups/LoggingEventHub-centralus/providers/Microsoft.EventHub/namespaces/centralus-291875c5",
                            "triggers.event_hub_rule": "/subscriptions/291875c5-95ae-4c48-a60b-2f3b0fcf0174/resourceGroups/LoggingEventHub-centralus/providers/Microsoft.EventHub/namespaces/centralus-291875c5/authorizationrules/RootManageSharedAccessKey",
                            "triggers.log_config": "'[{\"category\":\"NetworkSecurityGroupRuleCounter\",\"enabled\":true},{\"category\":\"NetworkSecurityGroupEvent\",\"enabled\":true}]'\n",
                            "triggers.resource_id": "/subscriptions/b4b8d5dc-65ab-474e-9f82-6346f854a39f/resourceGroups/resource_group-akqiuco3/providers/Microsoft.Network/networkSecurityGroups/network_security_group-akqiuco3"
                        },
                        "meta": {},
                        "tainted": true
                    },
                    "deposed": [],
                    "provider": "provider.null"
                }
            },
            "depends_on": []
        },
        {
            "path": [
                "root",
                "resource_group",
                "namespace"
            ],
            "outputs": {
                "name": {
                    "sensitive": false,
                    "type": "string",
                    "value": "resource_group-akqiuco3"
                }
            },
            "resources": {
                "null_resource.namespace": {
                    "type": "null_resource",
                    "depends_on": [],
                    "primary": {
                        "id": "6533556531561165224",
                        "attributes": {
                            "id": "6533556531561165224",
                            "triggers.%": "3",
                            "triggers.format": "%s-%s",
                            "triggers.name": "resource_group",
                            "triggers.namespace": "akqiuco3"
                        },
                        "meta": {},
                        "tainted": false
                    },
                    "deposed": [],
                    "provider": "provider.null"
                },
                "random_string.random_string": {
                    "type": "random_string",
                    "depends_on": [],
                    "primary": {
                        "id": "none",
                        "attributes": {
                            "id": "none",
                            "length": "12",
                            "lower": "true",
                            "min_lower": "0",
                            "min_numeric": "0",
                            "min_special": "0",
                            "min_upper": "0",
                            "number": "true",
                            "result": "armhbe3m9w0w",
                            "special": "false",
                            "upper": "false"
                        },
                        "meta": {
                            "schema_version": "1"
                        },
                        "tainted": false
                    },
                    "deposed": [],
                    "provider": "provider.random"
                }
            },
            "depends_on": []
        },
        {
            "path": [
                "root",
                "network_security_group",
                "nsg_diagnostic_log",
                "get_event_hub_namespace"
            ],
            "outputs": {
                "central_logging_subscription_id": {
                    "sensitive": false,
                    "type": "string",
                    "value": "291875c5-95ae-4c48-a60b-2f3b0fcf0174"
                },
                "event_hub_namespace": {
                    "sensitive": false,
                    "type": "string",
                    "value": "centralus-291875c5"
                },
                "event_hub_resource_group": {
                    "sensitive": false,
                    "type": "string",
                    "value": "LoggingEventHub-centralus"
                }
            },
            "resources": {
                "data.azurerm_client_config.current": {
                    "type": "azurerm_client_config",
                    "depends_on": [],
                    "primary": {
                        "id": "2018-11-29 22:41:00.231335821 +0000 UTC",
                        "attributes": {
                            "client_id": "57145b07-2140-4e68-ab47-f4c2281d2015",
                            "id": "2018-11-29 22:41:00.231335821 +0000 UTC",
                            "service_principal_application_id": "57145b07-2140-4e68-ab47-f4c2281d2015",
                            "service_principal_object_id": "83502fbd-cf7b-4b9b-8f30-83486449ca17",
                            "subscription_id": "b4b8d5dc-65ab-474e-9f82-6346f854a39f",
                            "tenant_id": "db05faca-c82a-4b9d-b9c5-0f64b6755421"
                        },
                        "meta": {},
                        "tainted": false
                    },
                    "deposed": [],
                    "provider": "provider.azurerm"
                }
            },
            "depends_on": []
        }
    ]
}
